PODS:
  - FBSnapshotTestCase (2.1.4):
    - FBSnapshotTestCase/SwiftSupport (= 2.1.4)
  - FBSnapshotTestCase/Core (2.1.4)
  - FBSnapshotTestCase/SwiftSupport (2.1.4):
    - FBSnapshotTestCase/Core
  - NUBlocksKit (2.0.0):
    - NUBlocksKit/All (= 2.0.0)
  - NUBlocksKit/All (2.0.0):
    - NUBlocksKit/Core
    - NUBlocksKit/DynamicDelegate
    - NUBlocksKit/MessageUI
    - NUBlocksKit/QuickLook
    - NUBlocksKit/UIKit
  - NUBlocksKit/Core (2.0.0)
  - NUBlocksKit/DynamicDelegate (2.0.0)
  - NUBlocksKit/MessageUI (2.0.0):
    - NUBlocksKit/Core
    - NUBlocksKit/DynamicDelegate
  - NUBlocksKit/QuickLook (2.0.0):
    - NUBlocksKit/Core
    - NUBlocksKit/DynamicDelegate
  - NUBlocksKit/UIKit (2.0.0):
    - NUBlocksKit/Core
    - NUBlocksKit/DynamicDelegate

DEPENDENCIES:
  - FBSnapshotTestCase
  - NUBlocksKit (from `../`)

SPEC REPOS:
  https://github.com/CocoaPods/Specs.git:
    - FBSnapshotTestCase

EXTERNAL SOURCES:
  NUBlocksKit:
    :path: "../"

SPEC CHECKSUMS:
  FBSnapshotTestCase: 094f9f314decbabe373b87cc339bea235a63e07a
  NUBlocksKit: 10f40cb19325ec68c9bc261ebb9b6f6ac1ec2ad7

PODFILE CHECKSUM: 84de3e3f10f9b56e810fc1c2bdbb0c257e3d7aa1

COCOAPODS: 1.11.2
