PODS:
  - FBSnapshotTestCase (2.1.4):
    - FBSnapshotTestCase/SwiftSupport (= 2.1.4)
  - FBSnapshotTestCase/Core (2.1.4)
  - FBSnapshotTestCase/SwiftSupport (2.1.4):
    - FBSnapshotTestCase/Core
  - NUBlocksKit (1.0.2):
    - NUBlocksKit/All (= 1.0.2)
  - NUBlocksKit/All (1.0.2):
    - NUBlocksKit/Core
    - NUBlocksKit/DynamicDelegate
    - NUBlocksKit/MessageUI
    - NUBlocksKit/QuickLook
    - NUBlocksKit/UIKit
  - NUBlocksKit/Core (1.0.2)
  - NUBlocksKit/DynamicDelegate (1.0.2)
  - NUBlocksKit/MessageUI (1.0.2):
    - NUBlocksKit/Core
    - NUBlocksKit/DynamicDelegate
  - NUBlocksKit/QuickLook (1.0.2):
    - NUBlocksKit/Core
    - NUBlocksKit/DynamicDelegate
  - NUBlocksKit/UIKit (1.0.2):
    - NUBlocksKit/Core
    - NUBlocksKit/DynamicDelegate

DEPENDENCIES:
  - FBSnapshotTestCase
  - NUBlocksKit (from `../`)

SPEC REPOS:
  https://github.com/CocoaPods/Specs.git:
    - FBSnapshotTestCase

EXTERNAL SOURCES:
  NUBlocksKit:
    :path: "../"

SPEC CHECKSUMS:
  FBSnapshotTestCase: 094f9f314decbabe373b87cc339bea235a63e07a
  NUBlocksKit: ccb3d0be1336428fc2146b7e41513d51a4d97610

PODFILE CHECKSUM: 84de3e3f10f9b56e810fc1c2bdbb0c257e3d7aa1

COCOAPODS: 1.9.1
